
Microsoft Visual Studio Solution File, Format Version 12.00
# Visual Studio 15
VisualStudioVersion = 15.0.28307.489
MinimumVisualStudioVersion = 10.0.40219.1
Project("{9A19103F-16F7-4668-BE54-9A1E7A4F7556}") = "OOADWings", "Zadaca1OOAD\OOADWings.csproj", "{A80ED195-D336-4E48-BD03-8743C7269B9A}"
EndProject
Project("{FAE04EC0-301F-11D3-BF4B-00C04F79EFBC}") = "OOADWingLibrary", "OOADWingLibrary\OOADWingLibrary.csproj", "{BD331A87-6023-4E62-80A6-1BE9FD1ECC4E}"
EndProject
Global
	GlobalSection(SolutionConfigurationPlatforms) = preSolution
		Debug|Any CPU = Debug|Any CPU
		Release|Any CPU = Release|Any CPU
	EndGlobalSection
	GlobalSection(ProjectConfigurationPlatforms) = postSolution
		{A80ED195-D336-4E48-BD03-8743C7269B9A}.Debug|Any CPU.ActiveCfg = Debug|Any CPU
		{A80ED195-D336-4E48-BD03-8743C7269B9A}.Debug|Any CPU.Build.0 = Debug|Any CPU
		{A80ED195-D336-4E48-BD03-8743C7269B9A}.Release|Any CPU.ActiveCfg = Release|Any CPU
		{A80ED195-D336-4E48-BD03-8743C7269B9A}.Release|Any CPU.Build.0 = Release|Any CPU
		{BD331A87-6023-4E62-80A6-1BE9FD1ECC4E}.Debug|Any CPU.ActiveCfg = Debug|Any CPU
		{BD331A87-6023-4E62-80A6-1BE9FD1ECC4E}.Debug|Any CPU.Build.0 = Debug|Any CPU
		{BD331A87-6023-4E62-80A6-1BE9FD1ECC4E}.Release|Any CPU.ActiveCfg = Release|Any CPU
		{BD331A87-6023-4E62-80A6-1BE9FD1ECC4E}.Release|Any CPU.Build.0 = Release|Any CPU
	EndGlobalSection
	GlobalSection(SolutionProperties) = preSolution
		HideSolutionNode = FALSE
	EndGlobalSection
	GlobalSection(ExtensibilityGlobals) = postSolution
		SolutionGuid = {E1FAED73-CA97-4BE0-BFE7-9CDD298E5469}
	EndGlobalSection
EndGlobal
